
Microsoft Visual Studio Solution File, Format Version 12.00
# Visual Studio 15
VisualStudioVersion = 15.0.28307.136
MinimumVisualStudioVersion = 10.0.40219.1
Project("{FAE04EC0-301F-11D3-BF4B-00C04F79EFBC}") = "HtmlToMarkdown", "HtmlToMarkdown\HtmlToMarkdown.csproj", "{36C4A7F9-DBEE-4E7B-9070-56310AC36405}"
EndProject
Project("{FAE04EC0-301F-11D3-BF4B-00C04F79EFBC}") = "UnitTestProject1", "UnitTestProject1\UnitTestProject1.csproj", "{F89EE00E-00BA-460E-83BF-FF157818525F}"
EndProject
Global
	GlobalSection(SolutionConfigurationPlatforms) = preSolution
		Debug|Any CPU = Debug|Any CPU
		Release|Any CPU = Release|Any CPU
	EndGlobalSection
	GlobalSection(ProjectConfigurationPlatforms) = postSolution
		{36C4A7F9-DBEE-4E7B-9070-56310AC36405}.Debug|Any CPU.ActiveCfg = Debug|Any CPU
		{36C4A7F9-DBEE-4E7B-9070-56310AC36405}.Debug|Any CPU.Build.0 = Debug|Any CPU
		{36C4A7F9-DBEE-4E7B-9070-56310AC36405}.Release|Any CPU.ActiveCfg = Release|Any CPU
		{36C4A7F9-DBEE-4E7B-9070-56310AC36405}.Release|Any CPU.Build.0 = Release|Any CPU
		{F89EE00E-00BA-460E-83BF-FF157818525F}.Debug|Any CPU.ActiveCfg = Debug|Any CPU
		{F89EE00E-00BA-460E-83BF-FF157818525F}.Debug|Any CPU.Build.0 = Debug|Any CPU
		{F89EE00E-00BA-460E-83BF-FF157818525F}.Release|Any CPU.ActiveCfg = Release|Any CPU
		{F89EE00E-00BA-460E-83BF-FF157818525F}.Release|Any CPU.Build.0 = Release|Any CPU
	EndGlobalSection
	GlobalSection(SolutionProperties) = preSolution
		HideSolutionNode = FALSE
	EndGlobalSection
	GlobalSection(ExtensibilityGlobals) = postSolution
		SolutionGuid = {9CD81146-23D4-4D37-838D-7A37D066F95E}
	EndGlobalSection
EndGlobal
